{
  "version": 4,
  "terraform_version": "1.14.0",
  "serial": 32,
  "lineage": "d910baa3-2966-6970-5f00-359152cf5552",
  "outputs": {},
  "resources": [
    {
      "mode": "managed",
      "type": "aws_ecr_repository",
      "name": "repo",
      "provider": "provider[\"registry.terraform.io/hashicorp/aws\"]",
      "instances": [
        {
          "schema_version": 0,
          "attributes": {
            "arn": "arn:aws:ecr:us-east-1:177556895605:repository/hackathon-repo",
            "encryption_configuration": [
              {
                "encryption_type": "AES256",
                "kms_key": ""
              }
            ],
            "force_delete": null,
            "id": "hackathon-repo",
            "image_scanning_configuration": [
              {
                "scan_on_push": false
              }
            ],
            "image_tag_mutability": "MUTABLE",
            "image_tag_mutability_exclusion_filter": [],
            "name": "hackathon-repo",
            "region": "us-east-1",
            "registry_id": "177556895605",
            "repository_url": "177556895605.dkr.ecr.us-east-1.amazonaws.com/hackathon-repo",
            "tags": {},
            "tags_all": {},
            "timeouts": null
          },
          "sensitive_attributes": [],
          "identity_schema_version": 0,
          "identity": {
            "account_id": "177556895605",
            "name": "hackathon-repo",
            "region": "us-east-1"
          },
          "private": "eyJlMmJmYjczMC1lY2FhLTExZTYtOGY4OC0zNDM2M2JjN2M0YzAiOnsiZGVsZXRlIjoxMjAwMDAwMDAwMDAwfX0="
        }
      ]
    },
    {
      "mode": "managed",
      "type": "aws_eks_cluster",
      "name": "eks",
      "provider": "provider[\"registry.terraform.io/hashicorp/aws\"]",
      "instances": [
        {
          "schema_version": 1,
          "attributes": {
            "access_config": [
              {
                "authentication_mode": "CONFIG_MAP",
                "bootstrap_cluster_creator_admin_permissions": true
              }
            ],
            "arn": "arn:aws:eks:us-east-1:177556895605:cluster/hackathon-cluster",
            "bootstrap_self_managed_addons": true,
            "certificate_authority": [
              {
                "data": "LS0tLS1CRUdJTiBDRVJUSUZJQ0FURS0tLS0tCk1JSURCVENDQWUyZ0F3SUJBZ0lJWWZvMGxxM2RjVkF3RFFZSktvWklodmNOQVFFTEJRQXdGVEVUTUJFR0ExVUUKQXhNS2EzVmlaWEp1WlhSbGN6QWVGdzB5TmpBek1UY3dOekl3TkRCYUZ3MHpOakF6TVRRd056STFOREJhTUJVeApFekFSQmdOVkJBTVRDbXQxWW1WeWJtVjBaWE13Z2dFaU1BMEdDU3FHU0liM0RRRUJBUVVBQTRJQkR3QXdnZ0VLCkFvSUJBUURMbEE3M0NlZ3RmY2MzZ05ISUNvRWdaYlBIcktNRE9aRVpQZUVqdzVYazZLL2gzdkF4UVNUNlBUa3EKUTRBSndZeHpQdEVQSkg4UmhuM0dlWDRXK3ZHN1ZkM2txS0loV0xJSzdQWFFhM3hNVXlacGwzY0pYTFM5WUs1VgpYYkFjWjBZN0FuM1lJMUgzd2tlWFdmd2ZTV0Flc2JkaDk4dnFONzdLcXl6OWdGTVY3RXJIdWFwYkhRS0o0aWt1CjhqaTV6WXo3d3VmS0wxUGFwbVR0TlNmTFczYlBwQjgyYVcyVmV5alU3NG5BaDdKWERzNXQyQ3VvWXZoaHpzWHkKMUc4V082bUR2THdHYndWVHl0eFBNN3FvbXJYNkx5STFhL3Y2d1kyUjh1VU83VGkyaUoxR2tDZkFBUGFXZEhlQQoyazlKekZLMUtseEFYTzlRN3NZdlFnY2szdWhwQWdNQkFBR2pXVEJYTUE0R0ExVWREd0VCL3dRRUF3SUNwREFQCkJnTlZIUk1CQWY4RUJUQURBUUgvTUIwR0ExVWREZ1FXQkJTZXE4UkV1WjRLTUx6OXdxeGJmekdRcEZLN2pqQVYKQmdOVkhSRUVEakFNZ2dwcmRXSmxjbTVsZEdWek1BMEdDU3FHU0liM0RRRUJDd1VBQTRJQkFRREk1OTNHaS9xcgpvcHJjYS94eGN3YS9zY1ZEbTFRUVlpS3RQL1l5Yk55eUI1TE95VWY5ai9WODRKT3dtSFE0UEVnSGR2aTJiMnJDCnBZZkE1L1RWOVVYRzJHUXF6SktGTVF3ZDZaMWlZaXJnQ2lVRHgvblc5TU1ZUm1uUjRZWHYva1N4dkd5RzdHYnIKQTVyT2R6Tlh6K2wyWi90RHdFellUdmpBRThLSXhQcHRGU1kyeTZaeURyN1VaNVdGS2VKUGpqbjhNRUU3YlFoNgpSSTROV0FNL0xFZUZLb3ROam5JM0tmeW8vVWxoUENQMmxXUlZaMS9IVldEaUVXWjlmVGQvb2FDUjc0Z2QxZ0pKCmhhUGIzUEpQbHg4cnA0NllvTUkvSndOYXdsd29NRW94Tml6S21yY0QxMjBrUnd3TWJPK2RIQmg4N2loUldzLzYKUGNkV1V6QlVjQTcrCi0tLS0tRU5EIENFUlRJRklDQVRFLS0tLS0K"
              }
            ],
            "cluster_id": null,
            "compute_config": [
              {
                "enabled": false,
                "node_pools": [],
                "node_role_arn": ""
              }
            ],
            "control_plane_scaling_config": [
              {
                "tier": "standard"
              }
            ],
            "created_at": "2026-03-17T07:20:45Z",
            "deletion_protection": false,
            "enabled_cluster_log_types": null,
            "encryption_config": [],
            "endpoint": "https://CB9205A57DB5916BED9BBF8EC78F6C97.gr7.us-east-1.eks.amazonaws.com",
            "force_update_version": null,
            "id": "hackathon-cluster",
            "identity": [
              {
                "oidc": [
                  {
                    "issuer": "https://oidc.eks.us-east-1.amazonaws.com/id/CB9205A57DB5916BED9BBF8EC78F6C97"
                  }
                ]
              }
            ],
            "kubernetes_network_config": [
              {
                "elastic_load_balancing": [
                  {
                    "enabled": false
                  }
                ],
                "ip_family": "ipv4",
                "service_ipv4_cidr": "172.20.0.0/16",
                "service_ipv6_cidr": ""
              }
            ],
            "name": "hackathon-cluster",
            "outpost_config": [],
            "platform_version": "eks.7",
            "region": "us-east-1",
            "remote_network_config": [],
            "role_arn": "arn:aws:iam::177556895605:role/eks-vijay-cluster-role",
            "status": "ACTIVE",
            "storage_config": [
              {
                "block_storage": [
                  {
                    "enabled": false
                  }
                ]
              }
            ],
            "tags": null,
            "tags_all": {},
            "timeouts": null,
            "upgrade_policy": [
              {
                "support_type": "EXTENDED"
              }
            ],
            "version": "1.35",
            "vpc_config": [
              {
                "cluster_security_group_id": "sg-080727e7e07ba677f",
                "endpoint_private_access": false,
                "endpoint_public_access": true,
                "public_access_cidrs": [
                  "0.0.0.0/0"
                ],
                "security_group_ids": null,
                "subnet_ids": [
                  "subnet-03349210ab79d40eb",
                  "subnet-0b436b29477d0cde0"
                ],
                "vpc_id": "vpc-05def315cf0ae3277"
              }
            ],
            "zonal_shift_config": []
          },
          "sensitive_attributes": [],
          "identity_schema_version": 0,
          "private": "eyJlMmJmYjczMC1lY2FhLTExZTYtOGY4OC0zNDM2M2JjN2M0YzAiOnsiY3JlYXRlIjoxODAwMDAwMDAwMDAwLCJkZWxldGUiOjkwMDAwMDAwMDAwMCwidXBkYXRlIjozNjAwMDAwMDAwMDAwfSwic2NoZW1hX3ZlcnNpb24iOiIxIn0=",
          "dependencies": [
            "aws_iam_role.eks_role",
            "aws_iam_role_policy_attachment.eks_policy",
            "aws_subnet.subnet1",
            "aws_subnet.subnet2",
            "aws_vpc.devsecops_vpc"
          ]
        }
      ]
    },
    {
      "mode": "managed",
      "type": "aws_eks_node_group",
      "name": "nodes",
      "provider": "provider[\"registry.terraform.io/hashicorp/aws\"]",
      "instances": [
        {
          "schema_version": 0,
          "attributes": {
            "ami_type": "AL2023_x86_64_STANDARD",
            "arn": "arn:aws:eks:us-east-1:177556895605:nodegroup/hackathon-cluster/hackathon-nodes/90ce7d59-220a-8dd3-39c7-f14d333b9d9f",
            "capacity_type": "ON_DEMAND",
            "cluster_name": "hackathon-cluster",
            "disk_size": 20,
            "force_update_version": null,
            "id": "hackathon-cluster:hackathon-nodes",
            "instance_types": [
              "t3.medium"
            ],
            "labels": null,
            "launch_template": [],
            "node_group_name": "hackathon-nodes",
            "node_group_name_prefix": "",
            "node_repair_config": [],
            "node_role_arn": "arn:aws:iam::177556895605:role/eks-vijay-node-role",
            "region": "us-east-1",
            "release_version": "1.35.2-20260304",
            "remote_access": [],
            "resources": [
              {
                "autoscaling_groups": [
                  {
                    "name": "eks-hackathon-nodes-90ce7d59-220a-8dd3-39c7-f14d333b9d9f"
                  }
                ],
                "remote_access_security_group_id": ""
              }
            ],
            "scaling_config": [
              {
                "desired_size": 2,
                "max_size": 2,
                "min_size": 1
              }
            ],
            "status": "ACTIVE",
            "subnet_ids": [
              "subnet-03349210ab79d40eb",
              "subnet-0b436b29477d0cde0"
            ],
            "tags": null,
            "tags_all": {},
            "taint": [],
            "timeouts": null,
            "update_config": [
              {
                "max_unavailable": 1,
                "max_unavailable_percentage": 0,
                "update_strategy": ""
              }
            ],
            "version": "1.35"
          },
          "sensitive_attributes": [],
          "identity_schema_version": 0,
          "private": "eyJlMmJmYjczMC1lY2FhLTExZTYtOGY4OC0zNDM2M2JjN2M0YzAiOnsiY3JlYXRlIjozNjAwMDAwMDAwMDAwLCJkZWxldGUiOjM2MDAwMDAwMDAwMDAsInVwZGF0ZSI6MzYwMDAwMDAwMDAwMH19",
          "dependencies": [
            "aws_eks_cluster.eks",
            "aws_iam_role.eks_role",
            "aws_iam_role.node_role",
            "aws_iam_role_policy_attachment.eks_policy",
            "aws_iam_role_policy_attachment.node_policy1",
            "aws_iam_role_policy_attachment.node_policy2",
            "aws_iam_role_policy_attachment.node_policy3",
            "aws_subnet.subnet1",
            "aws_subnet.subnet2",
            "aws_vpc.devsecops_vpc"
          ]
        }
      ]
    },
    {
      "mode": "managed",
      "type": "aws_iam_instance_profile",
      "name": "ec2_profile",
      "provider": "provider[\"registry.terraform.io/hashicorp/aws\"]",
      "instances": [
        {
          "schema_version": 0,
          "attributes": {
            "arn": "arn:aws:iam::177556895605:instance-profile/ec2-devsecops-profile",
            "create_date": "2026-03-17T07:04:17Z",
            "id": "ec2-devsecops-profile",
            "name": "ec2-devsecops-profile",
            "name_prefix": "",
            "path": "/",
            "role": "ec2-devops-role",
            "tags": {},
            "tags_all": {},
            "unique_id": "AIPASSVZXG525QRSLQN2K"
          },
          "sensitive_attributes": [],
          "identity_schema_version": 0,
          "private": "bnVsbA==",
          "dependencies": [
            "aws_iam_role.ec2_role"
          ]
        }
      ]
    },
    {
      "mode": "managed",
      "type": "aws_iam_role",
      "name": "ec2_role",
      "provider": "provider[\"registry.terraform.io/hashicorp/aws\"]",
      "instances": [
        {
          "schema_version": 0,
          "attributes": {
            "arn": "arn:aws:iam::177556895605:role/ec2-devops-role",
            "assume_role_policy": "{\"Statement\":[{\"Action\":\"sts:AssumeRole\",\"Effect\":\"Allow\",\"Principal\":{\"Service\":\"ec2.amazonaws.com\"}}],\"Version\":\"2012-10-17\"}",
            "create_date": "2026-03-17T07:04:15Z",
            "description": "",
            "force_detach_policies": false,
            "id": "ec2-devops-role",
            "inline_policy": [],
            "managed_policy_arns": [
              "arn:aws:iam::aws:policy/AmazonEC2ContainerRegistryFullAccess"
            ],
            "max_session_duration": 3600,
            "name": "ec2-devops-role",
            "name_prefix": "",
            "path": "/",
            "permissions_boundary": "",
            "tags": {},
            "tags_all": {},
            "unique_id": "AROASSVZXG5267RYYRJKS"
          },
          "sensitive_attributes": [],
          "identity_schema_version": 0,
          "identity": {
            "account_id": "177556895605",
            "name": "ec2-devops-role"
          },
          "private": "bnVsbA=="
        }
      ]
    },
    {
      "mode": "managed",
      "type": "aws_iam_role",
      "name": "eks_role",
      "provider": "provider[\"registry.terraform.io/hashicorp/aws\"]",
      "instances": [
        {
          "schema_version": 0,
          "attributes": {
            "arn": "arn:aws:iam::177556895605:role/eks-vijay-cluster-role",
            "assume_role_policy": "{\"Statement\":[{\"Action\":\"sts:AssumeRole\",\"Effect\":\"Allow\",\"Principal\":{\"Service\":\"eks.amazonaws.com\"}}],\"Version\":\"2012-10-17\"}",
            "create_date": "2026-03-17T07:20:39Z",
            "description": "",
            "force_detach_policies": false,
            "id": "eks-vijay-cluster-role",
            "inline_policy": [],
            "managed_policy_arns": [],
            "max_session_duration": 3600,
            "name": "eks-vijay-cluster-role",
            "name_prefix": "",
            "path": "/",
            "permissions_boundary": "",
            "tags": null,
            "tags_all": {},
            "unique_id": "AROASSVZXG52XDJQ7KATP"
          },
          "sensitive_attributes": [],
          "identity_schema_version": 0,
          "identity": {
            "account_id": "177556895605",
            "name": "eks-vijay-cluster-role"
          },
          "private": "bnVsbA=="
        }
      ]
    },
    {
      "mode": "managed",
      "type": "aws_iam_role",
      "name": "node_role",
      "provider": "provider[\"registry.terraform.io/hashicorp/aws\"]",
      "instances": [
        {
          "schema_version": 0,
          "attributes": {
            "arn": "arn:aws:iam::177556895605:role/eks-vijay-node-role",
            "assume_role_policy": "{\"Statement\":[{\"Action\":\"sts:AssumeRole\",\"Effect\":\"Allow\",\"Principal\":{\"Service\":\"ec2.amazonaws.com\"}}],\"Version\":\"2012-10-17\"}",
            "create_date": "2026-03-17T07:20:40Z",
            "description": "",
            "force_detach_policies": false,
            "id": "eks-vijay-node-role",
            "inline_policy": [],
            "managed_policy_arns": [],
            "max_session_duration": 3600,
            "name": "eks-vijay-node-role",
            "name_prefix": "",
            "path": "/",
            "permissions_boundary": "",
            "tags": null,
            "tags_all": {},
            "unique_id": "AROASSVZXG52YRVOFOKT6"
          },
          "sensitive_attributes": [],
          "identity_schema_version": 0,
          "identity": {
            "account_id": "177556895605",
            "name": "eks-vijay-node-role"
          },
          "private": "bnVsbA=="
        }
      ]
    },
    {
      "mode": "managed",
      "type": "aws_iam_role_policy_attachment",
      "name": "ec2_ecr",
      "provider": "provider[\"registry.terraform.io/hashicorp/aws\"]",
      "instances": [
        {
          "schema_version": 0,
          "attributes": {
            "id": "ec2-devops-role/arn:aws:iam::aws:policy/AmazonEC2ContainerRegistryFullAccess",
            "policy_arn": "arn:aws:iam::aws:policy/AmazonEC2ContainerRegistryFullAccess",
            "role": "ec2-devops-role"
          },
          "sensitive_attributes": [],
          "identity_schema_version": 0,
          "identity": {
            "account_id": "177556895605",
            "policy_arn": "arn:aws:iam::aws:policy/AmazonEC2ContainerRegistryFullAccess",
            "role": "ec2-devops-role"
          },
          "private": "bnVsbA==",
          "dependencies": [
            "aws_iam_role.ec2_role"
          ]
        }
      ]
    },
    {
      "mode": "managed",
      "type": "aws_iam_role_policy_attachment",
      "name": "eks_policy",
      "provider": "provider[\"registry.terraform.io/hashicorp/aws\"]",
      "instances": [
        {
          "schema_version": 0,
          "attributes": {
            "id": "eks-vijay-cluster-role/arn:aws:iam::aws:policy/AmazonEKSClusterPolicy",
            "policy_arn": "arn:aws:iam::aws:policy/AmazonEKSClusterPolicy",
            "role": "eks-vijay-cluster-role"
          },
          "sensitive_attributes": [],
          "identity_schema_version": 0,
          "identity": {
            "account_id": "177556895605",
            "policy_arn": "arn:aws:iam::aws:policy/AmazonEKSClusterPolicy",
            "role": "eks-vijay-cluster-role"
          },
          "private": "bnVsbA==",
          "dependencies": [
            "aws_iam_role.eks_role"
          ]
        }
      ]
    },
    {
      "mode": "managed",
      "type": "aws_iam_role_policy_attachment",
      "name": "node_policy1",
      "provider": "provider[\"registry.terraform.io/hashicorp/aws\"]",
      "instances": [
        {
          "schema_version": 0,
          "attributes": {
            "id": "eks-vijay-node-role/arn:aws:iam::aws:policy/AmazonEKSWorkerNodePolicy",
            "policy_arn": "arn:aws:iam::aws:policy/AmazonEKSWorkerNodePolicy",
            "role": "eks-vijay-node-role"
          },
          "sensitive_attributes": [],
          "identity_schema_version": 0,
          "identity": {
            "account_id": "177556895605",
            "policy_arn": "arn:aws:iam::aws:policy/AmazonEKSWorkerNodePolicy",
            "role": "eks-vijay-node-role"
          },
          "private": "bnVsbA==",
          "dependencies": [
            "aws_iam_role.node_role"
          ]
        }
      ]
    },
    {
      "mode": "managed",
      "type": "aws_iam_role_policy_attachment",
      "name": "node_policy2",
      "provider": "provider[\"registry.terraform.io/hashicorp/aws\"]",
      "instances": [
        {
          "schema_version": 0,
          "attributes": {
            "id": "eks-vijay-node-role/arn:aws:iam::aws:policy/AmazonEC2ContainerRegistryReadOnly",
            "policy_arn": "arn:aws:iam::aws:policy/AmazonEC2ContainerRegistryReadOnly",
            "role": "eks-vijay-node-role"
          },
          "sensitive_attributes": [],
          "identity_schema_version": 0,
          "identity": {
            "account_id": "177556895605",
            "policy_arn": "arn:aws:iam::aws:policy/AmazonEC2ContainerRegistryReadOnly",
            "role": "eks-vijay-node-role"
          },
          "private": "bnVsbA==",
          "dependencies": [
            "aws_iam_role.node_role"
          ]
        }
      ]
    },
    {
      "mode": "managed",
      "type": "aws_iam_role_policy_attachment",
      "name": "node_policy3",
      "provider": "provider[\"registry.terraform.io/hashicorp/aws\"]",
      "instances": [
        {
          "schema_version": 0,
          "attributes": {
            "id": "eks-vijay-node-role/arn:aws:iam::aws:policy/AmazonEKS_CNI_Policy",
            "policy_arn": "arn:aws:iam::aws:policy/AmazonEKS_CNI_Policy",
            "role": "eks-vijay-node-role"
          },
          "sensitive_attributes": [],
          "identity_schema_version": 0,
          "identity": {
            "account_id": "177556895605",
            "policy_arn": "arn:aws:iam::aws:policy/AmazonEKS_CNI_Policy",
            "role": "eks-vijay-node-role"
          },
          "private": "bnVsbA==",
          "dependencies": [
            "aws_iam_role.node_role"
          ]
        }
      ]
    },
    {
      "mode": "managed",
      "type": "aws_instance",
      "name": "devops_vm",
      "provider": "provider[\"registry.terraform.io/hashicorp/aws\"]",
      "instances": [
        {
          "schema_version": 2,
          "attributes": {
            "ami": "ami-053b0d53c279acc90",
            "arn": "arn:aws:ec2:us-east-1:177556895605:instance/i-008cd9962d185fc5e",
            "associate_public_ip_address": true,
            "availability_zone": "us-east-1a",
            "capacity_reservation_specification": [
              {
                "capacity_reservation_preference": "open",
                "capacity_reservation_target": []
              }
            ],
            "cpu_options": [
              {
                "amd_sev_snp": "",
                "core_count": 1,
                "nested_virtualization": "",
                "threads_per_core": 2
              }
            ],
            "credit_specification": [
              {
                "cpu_credits": "unlimited"
              }
            ],
            "disable_api_stop": false,
            "disable_api_termination": false,
            "ebs_block_device": [],
            "ebs_optimized": false,
            "enable_primary_ipv6": null,
            "enclave_options": [
              {
                "enabled": false
              }
            ],
            "ephemeral_block_device": [],
            "force_destroy": false,
            "get_password_data": false,
            "hibernation": false,
            "host_id": "",
            "host_resource_group_arn": null,
            "iam_instance_profile": "",
            "id": "i-008cd9962d185fc5e",
            "instance_initiated_shutdown_behavior": "stop",
            "instance_lifecycle": "",
            "instance_market_options": [],
            "instance_state": "running",
            "instance_type": "t3.large",
            "ipv6_address_count": 0,
            "ipv6_addresses": [],
            "key_name": "terraform-key",
            "launch_template": [],
            "maintenance_options": [
              {
                "auto_recovery": "default"
              }
            ],
            "metadata_options": [
              {
                "http_endpoint": "enabled",
                "http_protocol_ipv6": "disabled",
                "http_put_response_hop_limit": 1,
                "http_tokens": "optional",
                "instance_metadata_tags": "disabled"
              }
            ],
            "monitoring": false,
            "network_interface": [],
            "outpost_arn": "",
            "password_data": "",
            "placement_group": "",
            "placement_group_id": "",
            "placement_partition_number": 0,
            "primary_network_interface": [
              {
                "delete_on_termination": true,
                "network_interface_id": "eni-011b203ba73466173"
              }
            ],
            "primary_network_interface_id": "eni-011b203ba73466173",
            "private_dns": "ip-10-0-1-211.ec2.internal",
            "private_dns_name_options": [
              {
                "enable_resource_name_dns_a_record": false,
                "enable_resource_name_dns_aaaa_record": false,
                "hostname_type": "ip-name"
              }
            ],
            "private_ip": "10.0.1.211",
            "public_dns": "",
            "public_ip": "44.203.216.221",
            "region": "us-east-1",
            "root_block_device": [
              {
                "delete_on_termination": true,
                "device_name": "/dev/sda1",
                "encrypted": false,
                "iops": 100,
                "kms_key_id": "",
                "tags": {},
                "tags_all": {},
                "throughput": 0,
                "volume_id": "vol-0a07cdab30d9bec7b",
                "volume_size": 8,
                "volume_type": "gp2"
              }
            ],
            "secondary_network_interface": [],
            "secondary_private_ips": [],
            "security_groups": [],
            "source_dest_check": true,
            "spot_instance_request_id": "",
            "subnet_id": "subnet-03349210ab79d40eb",
            "tags": {
              "Name": "devsecops-agent"
            },
            "tags_all": {
              "Name": "devsecops-agent"
            },
            "tenancy": "default",
            "timeouts": null,
            "user_data": null,
            "user_data_base64": null,
            "user_data_replace_on_change": false,
            "volume_tags": null,
            "vpc_security_group_ids": [
              "sg-0803c72764b839b0e"
            ]
          },
          "sensitive_attributes": [],
          "identity_schema_version": 0,
          "identity": {
            "account_id": "177556895605",
            "id": "i-008cd9962d185fc5e",
            "region": "us-east-1"
          },
          "private": "eyJlMmJmYjczMC1lY2FhLTExZTYtOGY4OC0zNDM2M2JjN2M0YzAiOnsiY3JlYXRlIjo2MDAwMDAwMDAwMDAsImRlbGV0ZSI6MTIwMDAwMDAwMDAwMCwicmVhZCI6OTAwMDAwMDAwMDAwLCJ1cGRhdGUiOjYwMDAwMDAwMDAwMH0sInNjaGVtYV92ZXJzaW9uIjoiMiJ9",
          "dependencies": [
            "aws_key_pair.generated_key",
            "aws_security_group.devsecops_sg",
            "aws_subnet.subnet1",
            "aws_vpc.devsecops_vpc",
            "tls_private_key.terraform_key"
          ]
        }
      ]
    },
    {
      "mode": "managed",
      "type": "aws_internet_gateway",
      "name": "igw",
      "provider": "provider[\"registry.terraform.io/hashicorp/aws\"]",
      "instances": [
        {
          "schema_version": 0,
          "attributes": {
            "arn": "arn:aws:ec2:us-east-1:177556895605:internet-gateway/igw-067c17aa5f4e1b0cf",
            "id": "igw-067c17aa5f4e1b0cf",
            "owner_id": "177556895605",
            "region": "us-east-1",
            "tags": {
              "Name": "devsecops-igw"
            },
            "tags_all": {
              "Name": "devsecops-igw"
            },
            "timeouts": null,
            "vpc_id": "vpc-05def315cf0ae3277"
          },
          "sensitive_attributes": [],
          "identity_schema_version": 0,
          "private": "eyJlMmJmYjczMC1lY2FhLTExZTYtOGY4OC0zNDM2M2JjN2M0YzAiOnsiY3JlYXRlIjoxMjAwMDAwMDAwMDAwLCJkZWxldGUiOjEyMDAwMDAwMDAwMDAsInVwZGF0ZSI6MTIwMDAwMDAwMDAwMH19",
          "dependencies": [
            "aws_vpc.devsecops_vpc"
          ]
        }
      ]
    },
    {
      "mode": "managed",
      "type": "aws_key_pair",
      "name": "generated_key",
      "provider": "provider[\"registry.terraform.io/hashicorp/aws\"]",
      "instances": [
        {
          "schema_version": 1,
          "attributes": {
            "arn": "arn:aws:ec2:us-east-1:177556895605:key-pair/terraform-key",
            "fingerprint": "29:97:1e:0e:19:e8:fd:fd:97:85:ba:bf:d3:ea:02:aa",
            "id": "terraform-key",
            "key_name": "terraform-key",
            "key_name_prefix": "",
            "key_pair_id": "key-02bf300245f070cc6",
            "key_type": "rsa",
            "public_key": "ssh-rsa AAAAB3NzaC1yc2EAAAADAQABAAACAQCj7KIEnBc++wWwKNQVzdNPhyoQXS6P3oSNVnzQr6rhfoQvenbGH1A9STMSkYJJS/us/5q5eKeVTDRBOIbAMZFKHzYr2ZEzoPyAtVm70v4ZeUM7Oll7637RYwAE9gZknwEmWofyjdGw1hfBp4hH/DaVBkwv1Uvk45SwJuFoJw3v8nKjFMu2JpwZ5vedXJyylrcKkyXjQIx2a0ZoMtKe4twRy4rIRWwLRb5xNtMB3tBrB9vB5QZwL5gCfZhLicc0xdHdUWjCv9iqw/eaxH6G7N/RcGFqMlcfHwO30/b1DNC5pItLyRsZiGs1inQaJbtvaaCbB/gpZ8iw4z8S/yLWhUQvOqpzSz1e1O4BAt8G1RXYrkm75xYEm6wL2xRC039rVIxbZub5lU0l/mMb4GAJIl3tMCErNhp6X8MBmlpQ4R1BynG/bfPyn6R7y0rFZG6Uq47WW38xj4InLA6bMeXsKHTow6RRgfmuazN/4Vhj/9WbSRsjT6B4QXussOMD1Ity7OsOmnRVXywkviICt9FPNgyv24PpscFQdmrCSahKJKT0JqWJDS/f50SiVMmW4Ku2urAovVreF9rsTS70XygLCpePD02JVSSWguuU9ZL/SzWSPec1M338PizdSk2FlogDNaQKM4w83sM+A5KZLwu818Cpggt/tttyt400tCWWy/YRkQ==",
            "region": "us-east-1",
            "tags": {},
            "tags_all": {}
          },
          "sensitive_attributes": [],
          "identity_schema_version": 0,
          "private": "eyJzY2hlbWFfdmVyc2lvbiI6IjEifQ==",
          "dependencies": [
            "tls_private_key.terraform_key"
          ]
        }
      ]
    },
    {
      "mode": "managed",
      "type": "aws_route",
      "name": "internet_access",
      "provider": "provider[\"registry.terraform.io/hashicorp/aws\"]",
      "instances": [
        {
          "schema_version": 0,
          "attributes": {
            "carrier_gateway_id": "",
            "core_network_arn": "",
            "destination_cidr_block": "0.0.0.0/0",
            "destination_ipv6_cidr_block": "",
            "destination_prefix_list_id": "",
            "egress_only_gateway_id": "",
            "gateway_id": "igw-067c17aa5f4e1b0cf",
            "id": "r-rtb-0d744bd57274753041080289494",
            "instance_id": "",
            "instance_owner_id": "",
            "local_gateway_id": "",
            "nat_gateway_id": "",
            "network_interface_id": "",
            "origin": "CreateRoute",
            "region": "us-east-1",
            "route_table_id": "rtb-0d744bd5727475304",
            "state": "active",
            "timeouts": null,
            "transit_gateway_id": "",
            "vpc_endpoint_id": "",
            "vpc_peering_connection_id": ""
          },
          "sensitive_attributes": [],
          "identity_schema_version": 0,
          "identity": {
            "account_id": "177556895605",
            "destination_cidr_block": "0.0.0.0/0",
            "destination_ipv6_cidr_block": null,
            "destination_prefix_list_id": null,
            "region": "us-east-1",
            "route_table_id": "rtb-0d744bd5727475304"
          },
          "private": "eyJlMmJmYjczMC1lY2FhLTExZTYtOGY4OC0zNDM2M2JjN2M0YzAiOnsiY3JlYXRlIjozMDAwMDAwMDAwMDAsImRlbGV0ZSI6MzAwMDAwMDAwMDAwLCJ1cGRhdGUiOjEyMDAwMDAwMDAwMH19",
          "dependencies": [
            "aws_internet_gateway.igw",
            "aws_route_table.route_table",
            "aws_vpc.devsecops_vpc"
          ]
        }
      ]
    },
    {
      "mode": "managed",
      "type": "aws_route_table",
      "name": "route_table",
      "provider": "provider[\"registry.terraform.io/hashicorp/aws\"]",
      "instances": [
        {
          "schema_version": 0,
          "attributes": {
            "arn": "arn:aws:ec2:us-east-1:177556895605:route-table/rtb-0d744bd5727475304",
            "id": "rtb-0d744bd5727475304",
            "owner_id": "177556895605",
            "propagating_vgws": [],
            "region": "us-east-1",
            "route": [
              {
                "carrier_gateway_id": "",
                "cidr_block": "0.0.0.0/0",
                "core_network_arn": "",
                "destination_prefix_list_id": "",
                "egress_only_gateway_id": "",
                "gateway_id": "igw-067c17aa5f4e1b0cf",
                "ipv6_cidr_block": "",
                "local_gateway_id": "",
                "nat_gateway_id": "",
                "network_interface_id": "",
                "transit_gateway_id": "",
                "vpc_endpoint_id": "",
                "vpc_peering_connection_id": ""
              }
            ],
            "tags": {
              "Name": "devsecops-route-table"
            },
            "tags_all": {
              "Name": "devsecops-route-table"
            },
            "timeouts": null,
            "vpc_id": "vpc-05def315cf0ae3277"
          },
          "sensitive_attributes": [],
          "identity_schema_version": 0,
          "identity": {
            "account_id": "177556895605",
            "id": "rtb-0d744bd5727475304",
            "region": "us-east-1"
          },
          "private": "eyJlMmJmYjczMC1lY2FhLTExZTYtOGY4OC0zNDM2M2JjN2M0YzAiOnsiY3JlYXRlIjozMDAwMDAwMDAwMDAsImRlbGV0ZSI6MzAwMDAwMDAwMDAwLCJ1cGRhdGUiOjEyMDAwMDAwMDAwMH19",
          "dependencies": [
            "aws_vpc.devsecops_vpc"
          ]
        }
      ]
    },
    {
      "mode": "managed",
      "type": "aws_route_table_association",
      "name": "subnet1_association",
      "provider": "provider[\"registry.terraform.io/hashicorp/aws\"]",
      "instances": [
        {
          "schema_version": 0,
          "attributes": {
            "gateway_id": "",
            "id": "rtbassoc-0fb453c135432bbe1",
            "region": "us-east-1",
            "route_table_id": "rtb-0d744bd5727475304",
            "subnet_id": "subnet-03349210ab79d40eb",
            "timeouts": null
          },
          "sensitive_attributes": [],
          "identity_schema_version": 0,
          "private": "eyJlMmJmYjczMC1lY2FhLTExZTYtOGY4OC0zNDM2M2JjN2M0YzAiOnsiY3JlYXRlIjozMDAwMDAwMDAwMDAsImRlbGV0ZSI6MzAwMDAwMDAwMDAwLCJ1cGRhdGUiOjEyMDAwMDAwMDAwMH19",
          "dependencies": [
            "aws_route_table.route_table",
            "aws_subnet.subnet1",
            "aws_vpc.devsecops_vpc"
          ]
        }
      ]
    },
    {
      "mode": "managed",
      "type": "aws_route_table_association",
      "name": "subnet2_association",
      "provider": "provider[\"registry.terraform.io/hashicorp/aws\"]",
      "instances": [
        {
          "schema_version": 0,
          "attributes": {
            "gateway_id": "",
            "id": "rtbassoc-0acafd157e5474a8d",
            "region": "us-east-1",
            "route_table_id": "rtb-0d744bd5727475304",
            "subnet_id": "subnet-0b436b29477d0cde0",
            "timeouts": null
          },
          "sensitive_attributes": [],
          "identity_schema_version": 0,
          "private": "eyJlMmJmYjczMC1lY2FhLTExZTYtOGY4OC0zNDM2M2JjN2M0YzAiOnsiY3JlYXRlIjozMDAwMDAwMDAwMDAsImRlbGV0ZSI6MzAwMDAwMDAwMDAwLCJ1cGRhdGUiOjEyMDAwMDAwMDAwMH19",
          "dependencies": [
            "aws_route_table.route_table",
            "aws_subnet.subnet2",
            "aws_vpc.devsecops_vpc"
          ]
        }
      ]
    },
    {
      "mode": "managed",
      "type": "aws_security_group",
      "name": "devsecops_sg",
      "provider": "provider[\"registry.terraform.io/hashicorp/aws\"]",
      "instances": [
        {
          "schema_version": 1,
          "attributes": {
            "arn": "arn:aws:ec2:us-east-1:177556895605:security-group/sg-0803c72764b839b0e",
            "description": "Managed by Terraform",
            "egress": [
              {
                "cidr_blocks": [
                  "0.0.0.0/0"
                ],
                "description": "",
                "from_port": 0,
                "ipv6_cidr_blocks": [],
                "prefix_list_ids": [],
                "protocol": "-1",
                "security_groups": [],
                "self": false,
                "to_port": 0
              }
            ],
            "id": "sg-0803c72764b839b0e",
            "ingress": [
              {
                "cidr_blocks": [
                  "0.0.0.0/0"
                ],
                "description": "",
                "from_port": 22,
                "ipv6_cidr_blocks": [],
                "prefix_list_ids": [],
                "protocol": "tcp",
                "security_groups": [],
                "self": false,
                "to_port": 22
              },
              {
                "cidr_blocks": [
                  "0.0.0.0/0"
                ],
                "description": "",
                "from_port": 30007,
                "ipv6_cidr_blocks": [],
                "prefix_list_ids": [],
                "protocol": "tcp",
                "security_groups": [],
                "self": false,
                "to_port": 30007
              },
              {
                "cidr_blocks": [
                  "0.0.0.0/0"
                ],
                "description": "",
                "from_port": 3000,
                "ipv6_cidr_blocks": [],
                "prefix_list_ids": [],
                "protocol": "tcp",
                "security_groups": [],
                "self": false,
                "to_port": 3000
              },
              {
                "cidr_blocks": [
                  "0.0.0.0/0"
                ],
                "description": "",
                "from_port": 8080,
                "ipv6_cidr_blocks": [],
                "prefix_list_ids": [],
                "protocol": "tcp",
                "security_groups": [],
                "self": false,
                "to_port": 8080
              },
              {
                "cidr_blocks": [
                  "0.0.0.0/0"
                ],
                "description": "",
                "from_port": 9000,
                "ipv6_cidr_blocks": [],
                "prefix_list_ids": [],
                "protocol": "tcp",
                "security_groups": [],
                "self": false,
                "to_port": 9000
              },
              {
                "cidr_blocks": [
                  "0.0.0.0/0"
                ],
                "description": "",
                "from_port": 9090,
                "ipv6_cidr_blocks": [],
                "prefix_list_ids": [],
                "protocol": "tcp",
                "security_groups": [],
                "self": false,
                "to_port": 9090
              }
            ],
            "name": "terraform-20260317070420748100000002",
            "name_prefix": "terraform-",
            "owner_id": "177556895605",
            "region": "us-east-1",
            "revoke_rules_on_delete": false,
            "tags": {
              "Name": "devsecops-security-group"
            },
            "tags_all": {
              "Name": "devsecops-security-group"
            },
            "timeouts": null,
            "vpc_id": "vpc-05def315cf0ae3277"
          },
          "sensitive_attributes": [],
          "identity_schema_version": 0,
          "identity": {
            "account_id": "177556895605",
            "id": "sg-0803c72764b839b0e",
            "region": "us-east-1"
          },
          "private": "eyJlMmJmYjczMC1lY2FhLTExZTYtOGY4OC0zNDM2M2JjN2M0YzAiOnsiY3JlYXRlIjo2MDAwMDAwMDAwMDAsImRlbGV0ZSI6OTAwMDAwMDAwMDAwfSwic2NoZW1hX3ZlcnNpb24iOiIxIn0=",
          "dependencies": [
            "aws_vpc.devsecops_vpc"
          ]
        }
      ]
    },
    {
      "mode": "managed",
      "type": "aws_subnet",
      "name": "subnet1",
      "provider": "provider[\"registry.terraform.io/hashicorp/aws\"]",
      "instances": [
        {
          "schema_version": 1,
          "attributes": {
            "arn": "arn:aws:ec2:us-east-1:177556895605:subnet/subnet-03349210ab79d40eb",
            "assign_ipv6_address_on_creation": false,
            "availability_zone": "us-east-1a",
            "availability_zone_id": "use1-az1",
            "cidr_block": "10.0.1.0/24",
            "customer_owned_ipv4_pool": "",
            "enable_dns64": false,
            "enable_lni_at_device_index": 0,
            "enable_resource_name_dns_a_record_on_launch": false,
            "enable_resource_name_dns_aaaa_record_on_launch": false,
            "id": "subnet-03349210ab79d40eb",
            "ipv4_ipam_pool_id": null,
            "ipv4_netmask_length": null,
            "ipv6_cidr_block": "",
            "ipv6_cidr_block_association_id": "",
            "ipv6_ipam_pool_id": null,
            "ipv6_native": false,
            "ipv6_netmask_length": null,
            "map_customer_owned_ip_on_launch": false,
            "map_public_ip_on_launch": true,
            "outpost_arn": "",
            "owner_id": "177556895605",
            "private_dns_hostname_type_on_launch": "ip-name",
            "region": "us-east-1",
            "tags": {
              "Name": "devsecops-subnet-1"
            },
            "tags_all": {
              "Name": "devsecops-subnet-1"
            },
            "timeouts": null,
            "vpc_id": "vpc-05def315cf0ae3277"
          },
          "sensitive_attributes": [],
          "identity_schema_version": 0,
          "identity": {
            "account_id": "177556895605",
            "id": "subnet-03349210ab79d40eb",
            "region": "us-east-1"
          },
          "private": "eyJlMmJmYjczMC1lY2FhLTExZTYtOGY4OC0zNDM2M2JjN2M0YzAiOnsiY3JlYXRlIjo2MDAwMDAwMDAwMDAsImRlbGV0ZSI6MTIwMDAwMDAwMDAwMH0sInNjaGVtYV92ZXJzaW9uIjoiMSJ9",
          "dependencies": [
            "aws_vpc.devsecops_vpc"
          ]
        }
      ]
    },
    {
      "mode": "managed",
      "type": "aws_subnet",
      "name": "subnet2",
      "provider": "provider[\"registry.terraform.io/hashicorp/aws\"]",
      "instances": [
        {
          "schema_version": 1,
          "attributes": {
            "arn": "arn:aws:ec2:us-east-1:177556895605:subnet/subnet-0b436b29477d0cde0",
            "assign_ipv6_address_on_creation": false,
            "availability_zone": "us-east-1b",
            "availability_zone_id": "use1-az2",
            "cidr_block": "10.0.2.0/24",
            "customer_owned_ipv4_pool": "",
            "enable_dns64": false,
            "enable_lni_at_device_index": 0,
            "enable_resource_name_dns_a_record_on_launch": false,
            "enable_resource_name_dns_aaaa_record_on_launch": false,
            "id": "subnet-0b436b29477d0cde0",
            "ipv4_ipam_pool_id": null,
            "ipv4_netmask_length": null,
            "ipv6_cidr_block": "",
            "ipv6_cidr_block_association_id": "",
            "ipv6_ipam_pool_id": null,
            "ipv6_native": false,
            "ipv6_netmask_length": null,
            "map_customer_owned_ip_on_launch": false,
            "map_public_ip_on_launch": true,
            "outpost_arn": "",
            "owner_id": "177556895605",
            "private_dns_hostname_type_on_launch": "ip-name",
            "region": "us-east-1",
            "tags": {
              "Name": "devsecops-subnet-2"
            },
            "tags_all": {
              "Name": "devsecops-subnet-2"
            },
            "timeouts": null,
            "vpc_id": "vpc-05def315cf0ae3277"
          },
          "sensitive_attributes": [],
          "identity_schema_version": 0,
          "identity": {
            "account_id": "177556895605",
            "id": "subnet-0b436b29477d0cde0",
            "region": "us-east-1"
          },
          "private": "eyJlMmJmYjczMC1lY2FhLTExZTYtOGY4OC0zNDM2M2JjN2M0YzAiOnsiY3JlYXRlIjo2MDAwMDAwMDAwMDAsImRlbGV0ZSI6MTIwMDAwMDAwMDAwMH0sInNjaGVtYV92ZXJzaW9uIjoiMSJ9",
          "dependencies": [
            "aws_vpc.devsecops_vpc"
          ]
        }
      ]
    },
    {
      "mode": "managed",
      "type": "aws_vpc",
      "name": "devsecops_vpc",
      "provider": "provider[\"registry.terraform.io/hashicorp/aws\"]",
      "instances": [
        {
          "schema_version": 1,
          "attributes": {
            "arn": "arn:aws:ec2:us-east-1:177556895605:vpc/vpc-05def315cf0ae3277",
            "assign_generated_ipv6_cidr_block": false,
            "cidr_block": "10.0.0.0/16",
            "default_network_acl_id": "acl-0ede527d553977e85",
            "default_route_table_id": "rtb-0d5224ac2bd3f9071",
            "default_security_group_id": "sg-0bd440ee6e3485c35",
            "dhcp_options_id": "dopt-08d6e044445d1c45f",
            "enable_dns_hostnames": false,
            "enable_dns_support": true,
            "enable_network_address_usage_metrics": false,
            "id": "vpc-05def315cf0ae3277",
            "instance_tenancy": "default",
            "ipv4_ipam_pool_id": null,
            "ipv4_netmask_length": null,
            "ipv6_association_id": "",
            "ipv6_cidr_block": "",
            "ipv6_cidr_block_network_border_group": "",
            "ipv6_ipam_pool_id": "",
            "ipv6_netmask_length": 0,
            "main_route_table_id": "rtb-0d5224ac2bd3f9071",
            "owner_id": "177556895605",
            "region": "us-east-1",
            "tags": {
              "Name": "devsecops-vpc"
            },
            "tags_all": {
              "Name": "devsecops-vpc"
            }
          },
          "sensitive_attributes": [],
          "identity_schema_version": 0,
          "identity": {
            "account_id": "177556895605",
            "id": "vpc-05def315cf0ae3277",
            "region": "us-east-1"
          },
          "private": "eyJzY2hlbWFfdmVyc2lvbiI6IjEifQ=="
        }
      ]
    },
    {
      "mode": "managed",
      "type": "tls_private_key",
      "name": "terraform_key",
      "provider": "provider[\"registry.terraform.io/hashicorp/tls\"]",
      "instances": [
        {
          "schema_version": 1,
          "attributes": {
            "algorithm": "RSA",
            "ecdsa_curve": "P224",
            "id": "308573d439982ec876769d4ad9da39e273c0e71b",
            "private_key_openssh": "-----BEGIN OPENSSH PRIVATE KEY-----\nb3BlbnNzaC1rZXktdjEAAAAABG5vbmUAAAAEbm9uZQAAAAAAAAABAAACFwAAAAdz\nc2gtcnNhAAAAAwEAAQAAAgEAo+yiBJwXPvsFsCjUFc3TT4cqEF0uj96EjVZ80K+q\n4X6EL3p2xh9QPUkzEpGCSUv7rP+auXinlUw0QTiGwDGRSh82K9mRM6D8gLVZu9L+\nGXlDOzpZe+t+0WMABPYGZJ8BJlqH8o3RsNYXwaeIR/w2lQZML9VL5OOUsCbhaCcN\n7/JyoxTLtiacGeb3nVycspa3CpMl40CMdmtGaDLSnuLcEcuKyEVsC0W+cTbTAd7Q\nawfbweUGcC+YAn2YS4nHNMXR3VFowr/YqsP3msR+huzf0XBhajJXHx8Dt9P29QzQ\nuaSLS8kbGYhrNYp0GiW7b2mgmwf4KWfIsOM/Ev8i1oVELzqqc0s9XtTuAQLfBtUV\n2K5Ju+cWBJusC9sUQtN/a1SMW2bm+ZVNJf5jG+BgCSJd7TAhKzYael/DAZpaUOEd\nQcpxv23z8p+ke8tKxWRulKuO1lt/MY+CJywOmzHl7Ch06MOkUYH5rmszf+FYY//V\nm0kbI0+geEF7rLDjA9SLcuzrDpp0VV8sJL4iArfRTzYMr9uD6bHBUHZqwkmoSiSk\n9CaliQ0v3+dEolTJluCrtrqwKL1a3hfa7E0u9F8oCwqXjw9NiVUkloLrlPWS/0s1\nkj3nNTN9/D4s3UpNhZaIAzWkCjOMPN7DPgOSmS8LvNfAqYILf7bbcreNNLQllsv2\nEZEAAAc44WC8CuFgvAoAAAAHc3NoLXJzYQAAAgEAo+yiBJwXPvsFsCjUFc3TT4cq\nEF0uj96EjVZ80K+q4X6EL3p2xh9QPUkzEpGCSUv7rP+auXinlUw0QTiGwDGRSh82\nK9mRM6D8gLVZu9L+GXlDOzpZe+t+0WMABPYGZJ8BJlqH8o3RsNYXwaeIR/w2lQZM\nL9VL5OOUsCbhaCcN7/JyoxTLtiacGeb3nVycspa3CpMl40CMdmtGaDLSnuLcEcuK\nyEVsC0W+cTbTAd7QawfbweUGcC+YAn2YS4nHNMXR3VFowr/YqsP3msR+huzf0XBh\najJXHx8Dt9P29QzQuaSLS8kbGYhrNYp0GiW7b2mgmwf4KWfIsOM/Ev8i1oVELzqq\nc0s9XtTuAQLfBtUV2K5Ju+cWBJusC9sUQtN/a1SMW2bm+ZVNJf5jG+BgCSJd7TAh\nKzYael/DAZpaUOEdQcpxv23z8p+ke8tKxWRulKuO1lt/MY+CJywOmzHl7Ch06MOk\nUYH5rmszf+FYY//Vm0kbI0+geEF7rLDjA9SLcuzrDpp0VV8sJL4iArfRTzYMr9uD\n6bHBUHZqwkmoSiSk9CaliQ0v3+dEolTJluCrtrqwKL1a3hfa7E0u9F8oCwqXjw9N\niVUkloLrlPWS/0s1kj3nNTN9/D4s3UpNhZaIAzWkCjOMPN7DPgOSmS8LvNfAqYIL\nf7bbcreNNLQllsv2EZEAAAADAQABAAACABx94b9JXiT9PoTa49oSV1soVCBaAeDR\nvVpPoQworFvbQKB7+a7//FNaqLzee7W/tjPgjYUVOpORljeL2qgHNYibmi/O9hTy\nM1EvtDQYPUAyOoRN5QXL7dP5ECTMmlnc5TdEXwLCsaK545EuTFqutNH8MTvTKAjV\noZ9ocp9Gwn5lNpWv5KR5W4KJCZrZYQcNeS0mXFx+eKuQg8FSrBcfuT6CkVGz906S\nRcKp080sbC9eQ00VQKQ5MYOlTtY6UVyT0aFVKA9JhyBPRXcqFg/flhtyHAx4SXpI\nSr4l4nO/UXwi5G88ujAa7P92XC27RzPbOSYZIYIY3uIX7Xugyu5cZXhEuLWeJ+2F\ntZoZc1U2AtGKgIYrB+04LFTUdpxOkWLQyob1Ak5am5XPutl8V8/DnAUoBjNRpRRr\nKuPNP31Li7IWo8YxzoiQX9aI6f/guApDyoWZCFGEt5kxWn1rgTMlzeHZRhpxRWdz\nuE7Ql/rBMEvvE1ntmmjflEk5vxktCrb9aHiJqoAdQfrWl4/nI5zUy7tEmqAWDati\nd3ZvsqD4ZsFhAlkAThgyJFf/E73PQFG1FSQk4QDJeVYpVYTZssreePhyw4ShdHW1\nw5l4WS631CcCmOYPGrhoKz2Dt073tkzXoK751tldur9Hwkie0PIvp9pPwnY/xxBU\nJaCgMi5/twvNAAABAQC5MhEShCPVSet7jmM9tgCeVrepunDCyJ1p3xyGs3DJ/8xZ\n6ggN/TuxYn+ggHOHGsULG0hmw9hbE8i3pVtDeHO4x++vzn1BYJDjv0/ey/e81PfI\nofSlR7cQifQgxQd9FyqVfkJMsihm/JP81Wgcd8W9fPcH0Gjol7B8ZBgf/b1pMS7u\nMVp7fQlZZOTyNcKn6cB7hFWtymHkbpYE4xKQyk7dcCDBAjfN2Jb6edxsrOP859lY\noyrgMeQWYB1cRhU5PtmQpcJhOOp6nf92YLOj1PW37hzzpWhCDpmKrUGEh/xE9Unq\niF0Eusdlzp0+6Fiw/ygeN2zD96OBaOPYlNMw9mDWAAABAQDByLvmrZiyTrr3Kvq5\nvL8z5aerbs0bsrW9P8f4vg8ZVf81ZzwvgkrwkOmkxCYstMM8a04GFKWo7Dvnogtc\nPcNsLinw9Sm3EToOWIwys0CZDsixgSONaXBmRXg7a+3JAyA6KCpCxWBsh0ROgTkT\n+HJ2qevenlIsmaeTLM/DN5/Peu2dPCxhhjExAQegRG0GP6F0HzYD/Z8gDCmSox7n\n5cx+S830/iooCMMi2YQMt2efEYw6N5ipFWdMp7dwK7yv6zo8OlQyn1srykImNzDD\nbxhvWTw3vaKO2vLiN1pgZut2cAwE1x4n8pRp0CTi15OQlTTUcckaH0F+MzujliI+\ni5srAAABAQDYjbONhO0itZJu6nETAnNGyhhsVFmXLVdEbiOVnC4LIgylb5KtPP25\nXzFI3KGkG6Dtf+WBo5LcNMI76pQQgOMFbYYgI6f2v0kAsWQUrMQEun/L4ojIPwLw\nCzFBnYKb68eFsB6KhIrrMX2mJnKb99VM/GWxlzrTQW0OmhzfGcvgKfGzdZBPBijv\ntndKFR7yaYSb5Q6jRk0UDXIOZa3glmRo6bLDtnOw4icrYZ0453RzUOoAcudYp4wt\nuv3BK1qHcdsoKXKlfwZ6DDFY+VjhHKTwmsSYwkWHPAiABnd3AV6hkhmWvjef6WIw\nkbMtZty9rHTjnDru3sE1nyzTdU1zPngzAAAAAAEC\n-----END OPENSSH PRIVATE KEY-----\n",
            "private_key_pem": "-----BEGIN RSA PRIVATE KEY-----\nMIIJKAIBAAKCAgEAo+yiBJwXPvsFsCjUFc3TT4cqEF0uj96EjVZ80K+q4X6EL3p2\nxh9QPUkzEpGCSUv7rP+auXinlUw0QTiGwDGRSh82K9mRM6D8gLVZu9L+GXlDOzpZ\ne+t+0WMABPYGZJ8BJlqH8o3RsNYXwaeIR/w2lQZML9VL5OOUsCbhaCcN7/JyoxTL\ntiacGeb3nVycspa3CpMl40CMdmtGaDLSnuLcEcuKyEVsC0W+cTbTAd7QawfbweUG\ncC+YAn2YS4nHNMXR3VFowr/YqsP3msR+huzf0XBhajJXHx8Dt9P29QzQuaSLS8kb\nGYhrNYp0GiW7b2mgmwf4KWfIsOM/Ev8i1oVELzqqc0s9XtTuAQLfBtUV2K5Ju+cW\nBJusC9sUQtN/a1SMW2bm+ZVNJf5jG+BgCSJd7TAhKzYael/DAZpaUOEdQcpxv23z\n8p+ke8tKxWRulKuO1lt/MY+CJywOmzHl7Ch06MOkUYH5rmszf+FYY//Vm0kbI0+g\neEF7rLDjA9SLcuzrDpp0VV8sJL4iArfRTzYMr9uD6bHBUHZqwkmoSiSk9CaliQ0v\n3+dEolTJluCrtrqwKL1a3hfa7E0u9F8oCwqXjw9NiVUkloLrlPWS/0s1kj3nNTN9\n/D4s3UpNhZaIAzWkCjOMPN7DPgOSmS8LvNfAqYILf7bbcreNNLQllsv2EZECAwEA\nAQKCAgAcfeG/SV4k/T6E2uPaEldbKFQgWgHg0b1aT6EMKKxb20Cge/mu//xTWqi8\n3nu1v7Yz4I2FFTqTkZY3i9qoBzWIm5ovzvYU8jNRL7Q0GD1AMjqETeUFy+3T+RAk\nzJpZ3OU3RF8CwrGiueORLkxarrTR/DE70ygI1aGfaHKfRsJ+ZTaVr+SkeVuCiQma\n2WEHDXktJlxcfnirkIPBUqwXH7k+gpFRs/dOkkXCqdPNLGwvXkNNFUCkOTGDpU7W\nOlFck9GhVSgPSYcgT0V3KhYP35YbchwMeEl6SEq+JeJzv1F8IuRvPLowGuz/dlwt\nu0cz2zkmGSGCGN7iF+17oMruXGV4RLi1nifthbWaGXNVNgLRioCGKwftOCxU1Hac\nTpFi0MqG9QJOWpuVz7rZfFfPw5wFKAYzUaUUayrjzT99S4uyFqPGMc6IkF/WiOn/\n4LgKQ8qFmQhRhLeZMVp9a4EzJc3h2UYacUVnc7hO0Jf6wTBL7xNZ7Zpo35RJOb8Z\nLQq2/Wh4iaqAHUH61peP5yOc1Mu7RJqgFg2rYnd2b7Kg+GbBYQJZAE4YMiRX/xO9\nz0BRtRUkJOEAyXlWKVWE2bLK3nj4csOEoXR1tcOZeFkut9QnApjmDxq4aCs9g7dO\n97ZM16Cu+dbZXbq/R8JIntDyL6faT8J2P8cQVCWgoDIuf7cLzQKCAQEAwci75q2Y\nsk669yr6uby/M+Wnq27NG7K1vT/H+L4PGVX/NWc8L4JK8JDppMQmLLTDPGtOBhSl\nqOw756ILXD3DbC4p8PUptxE6DliMMrNAmQ7IsYEjjWlwZkV4O2vtyQMgOigqQsVg\nbIdEToE5E/hydqnr3p5SLJmnkyzPwzefz3rtnTwsYYYxMQEHoERtBj+hdB82A/2f\nIAwpkqMe5+XMfkvN9P4qKAjDItmEDLdnnxGMOjeYqRVnTKe3cCu8r+s6PDpUMp9b\nK8pCJjcww28Yb1k8N72ijtry4jdaYGbrdnAMBNceJ/KUadAk4teTkJU01HHJGh9B\nfjM7o5YiPoubKwKCAQEA2I2zjYTtIrWSbupxEwJzRsoYbFRZly1XRG4jlZwuCyIM\npW+SrTz9uV8xSNyhpBug7X/lgaOS3DTCO+qUEIDjBW2GICOn9r9JALFkFKzEBLp/\ny+KIyD8C8AsxQZ2Cm+vHhbAeioSK6zF9piZym/fVTPxlsZc600FtDpoc3xnL4Cnx\ns3WQTwYo77Z3ShUe8mmEm+UOo0ZNFA1yDmWt4JZkaOmyw7ZzsOInK2GdOOd0c1Dq\nAHLnWKeMLbr9wStah3HbKClypX8GegwxWPlY4Ryk8JrEmMJFhzwIgAZ3dwFeoZIZ\nlr43n+liMJGzLWbcvax045w67t7BNZ8s03VNcz54MwKCAQAi8Pf4kyqqVAngUW6e\nGQt85xcBkVwId4PPmPWMw3BjiB8ZWQEALAUpNWf7nqanfvyJI2wRKp3oRJhUnuJf\ngn9/PR+w4/Pen4uRVKQK7Elkj8beQsPPVsi+mB4i0MYybY7dDar5GS/WwdkuMpzB\nHhY9kUwHexKkGhyeLAFWWOxG9ApuRJBYEWNDS8U9P7lM3CJXlt0dgRi1JZxFZYZI\nGCZ0S2TanQ2q5FGTMhdeV5+mjfpz8Nxk+IgEyWUJI8nFCqwYegf+jL9auQCOdXsk\nch68zSFPh7ENAyuyYHq6UTR5yaBRKxyz5Uiff7l28ZoZAt5gxBeXzzT29XP2fja0\ngmW7AoIBAHRT4mEiR9R+XzQP4kAI7+3WADqpMRtBswBCfgEPTbiTSOHRxqQjAFUE\n6s+uHXKvmMocCyiRuwFpofFXuMQIyGsRA5zeKoslBE1H/XARwpabrKzUew++sZBL\nIuGRgCjMBnktO6rDOnDPPCT1wFlCT6W0a9hzWZlEKxZN+TZrgBZh0cHKZIPe1jy2\n8uur3tzvi9nGuQ9CY4NjGaLcQgREJZop9+qkZw9c3RezryZzRx3vGFS3ZMk979Jd\nAZUz+cSKh+TSJxD55HvJcvTNtU3v+jZ5nSRGL91OhW5oiuI1rSTz+6T7d5wCXcmj\navH3sJp/OqdONGY+6OEqKYVKHRnMM/sCggEBALkyERKEI9VJ63uOYz22AJ5Wt6m6\ncMLInWnfHIazcMn/zFnqCA39O7Fif6CAc4caxQsbSGbD2FsTyLelW0N4c7jH76/O\nfUFgkOO/T97L97zU98ih9KVHtxCJ9CDFB30XKpV+QkyyKGb8k/zVaBx3xb189wfQ\naOiXsHxkGB/9vWkxLu4xWnt9CVlk5PI1wqfpwHuEVa3KYeRulgTjEpDKTt1wIMEC\nN83Ylvp53Gys4/zn2VijKuAx5BZgHVxGFTk+2ZClwmE46nqd/3Zgs6PU9bfuHPOl\naEIOmYqtQYSH/ET1SeqIXQS6x2XOnT7oWLD/KB43bMP3o4Fo49iU0zD2YNY=\n-----END RSA PRIVATE KEY-----\n",
            "private_key_pem_pkcs8": "-----BEGIN PRIVATE KEY-----\nMIIJQgIBADANBgkqhkiG9w0BAQEFAASCCSwwggkoAgEAAoICAQCj7KIEnBc++wWw\nKNQVzdNPhyoQXS6P3oSNVnzQr6rhfoQvenbGH1A9STMSkYJJS/us/5q5eKeVTDRB\nOIbAMZFKHzYr2ZEzoPyAtVm70v4ZeUM7Oll7637RYwAE9gZknwEmWofyjdGw1hfB\np4hH/DaVBkwv1Uvk45SwJuFoJw3v8nKjFMu2JpwZ5vedXJyylrcKkyXjQIx2a0Zo\nMtKe4twRy4rIRWwLRb5xNtMB3tBrB9vB5QZwL5gCfZhLicc0xdHdUWjCv9iqw/ea\nxH6G7N/RcGFqMlcfHwO30/b1DNC5pItLyRsZiGs1inQaJbtvaaCbB/gpZ8iw4z8S\n/yLWhUQvOqpzSz1e1O4BAt8G1RXYrkm75xYEm6wL2xRC039rVIxbZub5lU0l/mMb\n4GAJIl3tMCErNhp6X8MBmlpQ4R1BynG/bfPyn6R7y0rFZG6Uq47WW38xj4InLA6b\nMeXsKHTow6RRgfmuazN/4Vhj/9WbSRsjT6B4QXussOMD1Ity7OsOmnRVXywkviIC\nt9FPNgyv24PpscFQdmrCSahKJKT0JqWJDS/f50SiVMmW4Ku2urAovVreF9rsTS70\nXygLCpePD02JVSSWguuU9ZL/SzWSPec1M338PizdSk2FlogDNaQKM4w83sM+A5KZ\nLwu818Cpggt/tttyt400tCWWy/YRkQIDAQABAoICABx94b9JXiT9PoTa49oSV1so\nVCBaAeDRvVpPoQworFvbQKB7+a7//FNaqLzee7W/tjPgjYUVOpORljeL2qgHNYib\nmi/O9hTyM1EvtDQYPUAyOoRN5QXL7dP5ECTMmlnc5TdEXwLCsaK545EuTFqutNH8\nMTvTKAjVoZ9ocp9Gwn5lNpWv5KR5W4KJCZrZYQcNeS0mXFx+eKuQg8FSrBcfuT6C\nkVGz906SRcKp080sbC9eQ00VQKQ5MYOlTtY6UVyT0aFVKA9JhyBPRXcqFg/flhty\nHAx4SXpISr4l4nO/UXwi5G88ujAa7P92XC27RzPbOSYZIYIY3uIX7Xugyu5cZXhE\nuLWeJ+2FtZoZc1U2AtGKgIYrB+04LFTUdpxOkWLQyob1Ak5am5XPutl8V8/DnAUo\nBjNRpRRrKuPNP31Li7IWo8YxzoiQX9aI6f/guApDyoWZCFGEt5kxWn1rgTMlzeHZ\nRhpxRWdzuE7Ql/rBMEvvE1ntmmjflEk5vxktCrb9aHiJqoAdQfrWl4/nI5zUy7tE\nmqAWDatid3ZvsqD4ZsFhAlkAThgyJFf/E73PQFG1FSQk4QDJeVYpVYTZssreePhy\nw4ShdHW1w5l4WS631CcCmOYPGrhoKz2Dt073tkzXoK751tldur9Hwkie0PIvp9pP\nwnY/xxBUJaCgMi5/twvNAoIBAQDByLvmrZiyTrr3Kvq5vL8z5aerbs0bsrW9P8f4\nvg8ZVf81ZzwvgkrwkOmkxCYstMM8a04GFKWo7DvnogtcPcNsLinw9Sm3EToOWIwy\ns0CZDsixgSONaXBmRXg7a+3JAyA6KCpCxWBsh0ROgTkT+HJ2qevenlIsmaeTLM/D\nN5/Peu2dPCxhhjExAQegRG0GP6F0HzYD/Z8gDCmSox7n5cx+S830/iooCMMi2YQM\nt2efEYw6N5ipFWdMp7dwK7yv6zo8OlQyn1srykImNzDDbxhvWTw3vaKO2vLiN1pg\nZut2cAwE1x4n8pRp0CTi15OQlTTUcckaH0F+MzujliI+i5srAoIBAQDYjbONhO0i\ntZJu6nETAnNGyhhsVFmXLVdEbiOVnC4LIgylb5KtPP25XzFI3KGkG6Dtf+WBo5Lc\nNMI76pQQgOMFbYYgI6f2v0kAsWQUrMQEun/L4ojIPwLwCzFBnYKb68eFsB6KhIrr\nMX2mJnKb99VM/GWxlzrTQW0OmhzfGcvgKfGzdZBPBijvtndKFR7yaYSb5Q6jRk0U\nDXIOZa3glmRo6bLDtnOw4icrYZ0453RzUOoAcudYp4wtuv3BK1qHcdsoKXKlfwZ6\nDDFY+VjhHKTwmsSYwkWHPAiABnd3AV6hkhmWvjef6WIwkbMtZty9rHTjnDru3sE1\nnyzTdU1zPngzAoIBACLw9/iTKqpUCeBRbp4ZC3znFwGRXAh3g8+Y9YzDcGOIHxlZ\nAQAsBSk1Z/uepqd+/IkjbBEqnehEmFSe4l+Cf389H7Dj896fi5FUpArsSWSPxt5C\nw89WyL6YHiLQxjJtjt0NqvkZL9bB2S4ynMEeFj2RTAd7EqQaHJ4sAVZY7Eb0Cm5E\nkFgRY0NLxT0/uUzcIleW3R2BGLUlnEVlhkgYJnRLZNqdDarkUZMyF15Xn6aN+nPw\n3GT4iATJZQkjycUKrBh6B/6Mv1q5AI51eyRyHrzNIU+HsQ0DK7JgerpRNHnJoFEr\nHLPlSJ9/uXbxmhkC3mDEF5fPNPb1c/Z+NrSCZbsCggEAdFPiYSJH1H5fNA/iQAjv\n7dYAOqkxG0GzAEJ+AQ9NuJNI4dHGpCMAVQTqz64dcq+YyhwLKJG7AWmh8Ve4xAjI\naxEDnN4qiyUETUf9cBHClpusrNR7D76xkEsi4ZGAKMwGeS07qsM6cM88JPXAWUJP\npbRr2HNZmUQrFk35NmuAFmHRwcpkg97WPLby66ve3O+L2ca5D0Jjg2MZotxCBEQl\nmin36qRnD1zdF7OvJnNHHe8YVLdkyT3v0l0BlTP5xIqH5NInEPnke8ly9M21Te/6\nNnmdJEYv3U6FbmiK4jWtJPP7pPt3nAJdyaNq8fewmn86p040Zj7o4SophUodGcwz\n+wKCAQEAuTIREoQj1Unre45jPbYAnla3qbpwwsidad8chrNwyf/MWeoIDf07sWJ/\noIBzhxrFCxtIZsPYWxPIt6VbQ3hzuMfvr859QWCQ479P3sv3vNT3yKH0pUe3EIn0\nIMUHfRcqlX5CTLIoZvyT/NVoHHfFvXz3B9Bo6JewfGQYH/29aTEu7jFae30JWWTk\n8jXCp+nAe4RVrcph5G6WBOMSkMpO3XAgwQI3zdiW+nncbKzj/OfZWKMq4DHkFmAd\nXEYVOT7ZkKXCYTjqep3/dmCzo9T1t+4c86VoQg6Ziq1BhIf8RPVJ6ohdBLrHZc6d\nPuhYsP8oHjdsw/ejgWjj2JTTMPZg1g==\n-----END PRIVATE KEY-----\n",
            "public_key_fingerprint_md5": "1b:ba:7a:d1:05:79:cb:be:0a:c7:ce:ed:40:d4:39:94",
            "public_key_fingerprint_sha256": "SHA256:lNWQWtKpoYmXk/iYjyHcd13guAguomkQtVTO3cs+6ho",
            "public_key_openssh": "ssh-rsa AAAAB3NzaC1yc2EAAAADAQABAAACAQCj7KIEnBc++wWwKNQVzdNPhyoQXS6P3oSNVnzQr6rhfoQvenbGH1A9STMSkYJJS/us/5q5eKeVTDRBOIbAMZFKHzYr2ZEzoPyAtVm70v4ZeUM7Oll7637RYwAE9gZknwEmWofyjdGw1hfBp4hH/DaVBkwv1Uvk45SwJuFoJw3v8nKjFMu2JpwZ5vedXJyylrcKkyXjQIx2a0ZoMtKe4twRy4rIRWwLRb5xNtMB3tBrB9vB5QZwL5gCfZhLicc0xdHdUWjCv9iqw/eaxH6G7N/RcGFqMlcfHwO30/b1DNC5pItLyRsZiGs1inQaJbtvaaCbB/gpZ8iw4z8S/yLWhUQvOqpzSz1e1O4BAt8G1RXYrkm75xYEm6wL2xRC039rVIxbZub5lU0l/mMb4GAJIl3tMCErNhp6X8MBmlpQ4R1BynG/bfPyn6R7y0rFZG6Uq47WW38xj4InLA6bMeXsKHTow6RRgfmuazN/4Vhj/9WbSRsjT6B4QXussOMD1Ity7OsOmnRVXywkviICt9FPNgyv24PpscFQdmrCSahKJKT0JqWJDS/f50SiVMmW4Ku2urAovVreF9rsTS70XygLCpePD02JVSSWguuU9ZL/SzWSPec1M338PizdSk2FlogDNaQKM4w83sM+A5KZLwu818Cpggt/tttyt400tCWWy/YRkQ==\n",
            "public_key_pem": "-----BEGIN PUBLIC KEY-----\nMIICIjANBgkqhkiG9w0BAQEFAAOCAg8AMIICCgKCAgEAo+yiBJwXPvsFsCjUFc3T\nT4cqEF0uj96EjVZ80K+q4X6EL3p2xh9QPUkzEpGCSUv7rP+auXinlUw0QTiGwDGR\nSh82K9mRM6D8gLVZu9L+GXlDOzpZe+t+0WMABPYGZJ8BJlqH8o3RsNYXwaeIR/w2\nlQZML9VL5OOUsCbhaCcN7/JyoxTLtiacGeb3nVycspa3CpMl40CMdmtGaDLSnuLc\nEcuKyEVsC0W+cTbTAd7QawfbweUGcC+YAn2YS4nHNMXR3VFowr/YqsP3msR+huzf\n0XBhajJXHx8Dt9P29QzQuaSLS8kbGYhrNYp0GiW7b2mgmwf4KWfIsOM/Ev8i1oVE\nLzqqc0s9XtTuAQLfBtUV2K5Ju+cWBJusC9sUQtN/a1SMW2bm+ZVNJf5jG+BgCSJd\n7TAhKzYael/DAZpaUOEdQcpxv23z8p+ke8tKxWRulKuO1lt/MY+CJywOmzHl7Ch0\n6MOkUYH5rmszf+FYY//Vm0kbI0+geEF7rLDjA9SLcuzrDpp0VV8sJL4iArfRTzYM\nr9uD6bHBUHZqwkmoSiSk9CaliQ0v3+dEolTJluCrtrqwKL1a3hfa7E0u9F8oCwqX\njw9NiVUkloLrlPWS/0s1kj3nNTN9/D4s3UpNhZaIAzWkCjOMPN7DPgOSmS8LvNfA\nqYILf7bbcreNNLQllsv2EZECAwEAAQ==\n-----END PUBLIC KEY-----\n",
            "rsa_bits": 4096
          },
          "sensitive_attributes": [
            [
              {
                "type": "get_attr",
                "value": "private_key_openssh"
              }
            ],
            [
              {
                "type": "get_attr",
                "value": "private_key_pem"
              }
            ],
            [
              {
                "type": "get_attr",
                "value": "private_key_pem_pkcs8"
              }
            ]
          ],
          "identity_schema_version": 0
        }
      ]
    }
  ],
  "check_results": null
}
